// !$*UTF8*$!
{
	archiveVersion = 1;
	classes = {
	};
	objectVersion = 56;
	objects = {

/* Begin PBXBuildFile section */
		631FAE172BFC281000D64A76 /* Swiper in Frameworks */ = {isa = PBXBuildFile; productRef = 631FAE162BFC281000D64A76 /* Swiper */; };
		63A8DCC32A1C4F9200801BF3 /* LoremPicsum.swift in Sources */ = {isa = PBXBuildFile; fileRef = 63A8DCC22A1C4F9200801BF3 /* LoremPicsum.swift */; };
		63A8DCC72A1C4F9200801BF3 /* Assets.xcassets in Resources */ = {isa = PBXBuildFile; fileRef = 63A8DCC62A1C4F9200801BF3 /* Assets.xcassets */; };
		63A8DCCA2A1C4F9200801BF3 /* Preview Assets.xcassets in Resources */ = {isa = PBXBuildFile; fileRef = 63A8DCC92A1C4F9200801BF3 /* Preview Assets.xcassets */; };
		63A8DCD22A1C4FB100801BF3 /* CardModel.swift in Sources */ = {isa = PBXBuildFile; fileRef = 63A8DCD02A1C4FB100801BF3 /* CardModel.swift */; };
		63A8DCD32A1C4FB100801BF3 /* CardView.swift in Sources */ = {isa = PBXBuildFile; fileRef = 63A8DCD12A1C4FB100801BF3 /* CardView.swift */; };
		63A8DCD52A1C4FF400801BF3 /* ContentView.swift in Sources */ = {isa = PBXBuildFile; fileRef = 63A8DCD42A1C4FF400801BF3 /* ContentView.swift */; };
		63EF2BB12BFB9D55009AF5B6 /* ButtonBar.swift in Sources */ = {isa = PBXBuildFile; fileRef = 63EF2BB02BFB9D55009AF5B6 /* ButtonBar.swift */; };
/* End PBXBuildFile section */

/* Begin PBXFileReference section */
		6331AE012A1D1159007FCB3A /* Swiper */ = {isa = PBXFileReference; lastKnownFileType = wrapper; name = Swiper; path = ..; sourceTree = "<group>"; };
		63A8DCBF2A1C4F9200801BF3 /* LoremPicsum.app */ = {isa = PBXFileReference; explicitFileType = wrapper.application; includeInIndex = 0; path = LoremPicsum.app; sourceTree = BUILT_PRODUCTS_DIR; };
		63A8DCC22A1C4F9200801BF3 /* LoremPicsum.swift */ = {isa = PBXFileReference; lastKnownFileType = sourcecode.swift; path = LoremPicsum.swift; sourceTree = "<group>"; };
		63A8DCC62A1C4F9200801BF3 /* Assets.xcassets */ = {isa = PBXFileReference; lastKnownFileType = folder.assetcatalog; path = Assets.xcassets; sourceTree = "<group>"; };
		63A8DCC92A1C4F9200801BF3 /* Preview Assets.xcassets */ = {isa = PBXFileReference; lastKnownFileType = folder.assetcatalog; path = "Preview Assets.xcassets"; sourceTree = "<group>"; };
		63A8DCD02A1C4FB100801BF3 /* CardModel.swift */ = {isa = PBXFileReference; fileEncoding = 4; lastKnownFileType = sourcecode.swift; path = CardModel.swift; sourceTree = "<group>"; };
		63A8DCD12A1C4FB100801BF3 /* CardView.swift */ = {isa = PBXFileReference; fileEncoding = 4; lastKnownFileType = sourcecode.swift; path = CardView.swift; sourceTree = "<group>"; };
		63A8DCD42A1C4FF400801BF3 /* ContentView.swift */ = {isa = PBXFileReference; fileEncoding = 4; lastKnownFileType = sourcecode.swift; path = ContentView.swift; sourceTree = "<group>"; };
		63EF2BB02BFB9D55009AF5B6 /* ButtonBar.swift */ = {isa = PBXFileReference; lastKnownFileType = sourcecode.swift; path = ButtonBar.swift; sourceTree = "<group>"; };
/* End PBXFileReference section */

/* Begin PBXFrameworksBuildPhase section */
		63A8DCBC2A1C4F9200801BF3 /* Frameworks */ = {
			isa = PBXFrameworksBuildPhase;
			buildActionMask = 2147483647;
			files = (
				631FAE172BFC281000D64A76 /* Swiper in Frameworks */,
			);
			runOnlyForDeploymentPostprocessing = 0;
		};
/* End PBXFrameworksBuildPhase section */

/* Begin PBXGroup section */
		6331AE002A1D1159007FCB3A /* Packages */ = {
			isa = PBXGroup;
			children = (
				6331AE012A1D1159007FCB3A /* Swiper */,
			);
			name = Packages;
			sourceTree = "<group>";
		};
		6331AE022A1D116D007FCB3A /* Frameworks */ = {
			isa = PBXGroup;
			children = (
			);
			name = Frameworks;
			sourceTree = "<group>";
		};
		63A8DCB62A1C4F9200801BF3 = {
			isa = PBXGroup;
			children = (
				6331AE002A1D1159007FCB3A /* Packages */,
				63A8DCC12A1C4F9200801BF3 /* LoremPicsum */,
				63A8DCC02A1C4F9200801BF3 /* Products */,
				6331AE022A1D116D007FCB3A /* Frameworks */,
			);
			sourceTree = "<group>";
		};
		63A8DCC02A1C4F9200801BF3 /* Products */ = {
			isa = PBXGroup;
			children = (
				63A8DCBF2A1C4F9200801BF3 /* LoremPicsum.app */,
			);
			name = Products;
			sourceTree = "<group>";
		};
		63A8DCC12A1C4F9200801BF3 /* LoremPicsum */ = {
			isa = PBXGroup;
			children = (
				63A8DCC22A1C4F9200801BF3 /* LoremPicsum.swift */,
				63A8DCD42A1C4FF400801BF3 /* ContentView.swift */,
				63A8DCD12A1C4FB100801BF3 /* CardView.swift */,
				63A8DCD02A1C4FB100801BF3 /* CardModel.swift */,
				63EF2BB02BFB9D55009AF5B6 /* ButtonBar.swift */,
				63A8DCC62A1C4F9200801BF3 /* Assets.xcassets */,
				63A8DCC82A1C4F9200801BF3 /* Preview Content */,
			);
			path = LoremPicsum;
			sourceTree = "<group>";
		};
		63A8DCC82A1C4F9200801BF3 /* Preview Content */ = {
			isa = PBXGroup;
			children = (
				63A8DCC92A1C4F9200801BF3 /* Preview Assets.xcassets */,
			);
			path = "Preview Content";
			sourceTree = "<group>";
		};
/* End PBXGroup section */

/* Begin PBXNativeTarget section */
		63A8DCBE2A1C4F9200801BF3 /* LoremPicsum */ = {
			isa = PBXNativeTarget;
			buildConfigurationList = 63A8DCCD2A1C4F9200801BF3 /* Build configuration list for PBXNativeTarget "LoremPicsum" */;
			buildPhases = (
				63A8DCBB2A1C4F9200801BF3 /* Sources */,
				63A8DCBC2A1C4F9200801BF3 /* Frameworks */,
				63A8DCBD2A1C4F9200801BF3 /* Resources */,
			);
			buildRules = (
			);
			dependencies = (
			);
			name = LoremPicsum;
			packageProductDependencies = (
				631FAE162BFC281000D64A76 /* Swiper */,
			);
			productName = Example;
			productReference = 63A8DCBF2A1C4F9200801BF3 /* LoremPicsum.app */;
			productType = "com.apple.product-type.application";
		};
/* End PBXNativeTarget section */

/* Begin PBXProject section */
		63A8DCB72A1C4F9200801BF3 /* Project object */ = {
			isa = PBXProject;
			attributes = {
				BuildIndependentTargetsInParallel = 1;
				LastSwiftUpdateCheck = 1410;
				LastUpgradeCheck = 1410;
				TargetAttributes = {
					63A8DCBE2A1C4F9200801BF3 = {
						CreatedOnToolsVersion = 14.1;
					};
				};
			};
			buildConfigurationList = 63A8DCBA2A1C4F9200801BF3 /* Build configuration list for PBXProject "LoremPicsum" */;
			compatibilityVersion = "Xcode 14.0";
			developmentRegion = en;
			hasScannedForEncodings = 0;
			knownRegions = (
				en,
				Base,
			);
			mainGroup = 63A8DCB62A1C4F9200801BF3;
			packageReferences = (
			);
			productRefGroup = 63A8DCC02A1C4F9200801BF3 /* Products */;
			projectDirPath = "";
			projectRoot = "";
			targets = (
				63A8DCBE2A1C4F9200801BF3 /* LoremPicsum */,
			);
		};
/* End PBXProject section */

/* Begin PBXResourcesBuildPhase section */
		63A8DCBD2A1C4F9200801BF3 /* Resources */ = {
			isa = PBXResourcesBuildPhase;
			buildActionMask = 2147483647;
			files = (
				63A8DCCA2A1C4F9200801BF3 /* Preview Assets.xcassets in Resources */,
				63A8DCC72A1C4F9200801BF3 /* Assets.xcassets in Resources */,
			);
			runOnlyForDeploymentPostprocessing = 0;
		};
/* End PBXResourcesBuildPhase section */

/* Begin PBXSourcesBuildPhase section */
		63A8DCBB2A1C4F9200801BF3 /* Sources */ = {
			isa = PBXSourcesBuildPhase;
			buildActionMask = 2147483647;
			files = (
				63EF2BB12BFB9D55009AF5B6 /* ButtonBar.swift in Sources */,
				63A8DCC32A1C4F9200801BF3 /* LoremPicsum.swift in Sources */,
				63A8DCD32A1C4FB100801BF3 /* CardView.swift in Sources */,
				63A8DCD52A1C4FF400801BF3 /* ContentView.swift in Sources */,
				63A8DCD22A1C4FB100801BF3 /* CardModel.swift in Sources */,
			);
			runOnlyForDeploymentPostprocessing = 0;
		};
/* End PBXSourcesBuildPhase section */

/* Begin XCBuildConfiguration section */
		63A8DCCB2A1C4F9200801BF3 /* Debug */ = {
			isa = XCBuildConfiguration;
			buildSettings = {
				ALWAYS_SEARCH_USER_PATHS = NO;
				CLANG_ANALYZER_NONNULL = YES;
				CLANG_ANALYZER_NUMBER_OBJECT_CONVERSION = YES_AGGRESSIVE;
				CLANG_CXX_LANGUAGE_STANDARD = "gnu++20";
				CLANG_ENABLE_MODULES = YES;
				CLANG_ENABLE_OBJC_ARC = YES;
				CLANG_ENABLE_OBJC_WEAK = YES;
				CLANG_WARN_BLOCK_CAPTURE_AUTORELEASING = YES;
				CLANG_WARN_BOOL_CONVERSION = YES;
				CLANG_WARN_COMMA = YES;
				CLANG_WARN_CONSTANT_CONVERSION = YES;
				CLANG_WARN_DEPRECATED_OBJC_IMPLEMENTATIONS = YES;
				CLANG_WARN_DIRECT_OBJC_ISA_USAGE = YES_ERROR;
				CLANG_WARN_DOCUMENTATION_COMMENTS = YES;
				CLANG_WARN_EMPTY_BODY = YES;
				CLANG_WARN_ENUM_CONVERSION = YES;
				CLANG_WARN_INFINITE_RECURSION = YES;
				CLANG_WARN_INT_CONVERSION = YES;
				CLANG_WARN_NON_LITERAL_NULL_CONVERSION = YES;
				CLANG_WARN_OBJC_IMPLICIT_RETAIN_SELF = YES;
				CLANG_WARN_OBJC_LITERAL_CONVERSION = YES;
				CLANG_WARN_OBJC_ROOT_CLASS = YES_ERROR;
				CLANG_WARN_QUOTED_INCLUDE_IN_FRAMEWORK_HEADER = YES;
				CLANG_WARN_RANGE_LOOP_ANALYSIS = YES;
				CLANG_WARN_STRICT_PROTOTYPES = YES;
				CLANG_WARN_SUSPICIOUS_MOVE = YES;
				CLANG_WARN_UNGUARDED_AVAILABILITY = YES_AGGRESSIVE;
				CLANG_WARN_UNREACHABLE_CODE = YES;
				CLANG_WARN__DUPLICATE_METHOD_MATCH = YES;
				COPY_PHASE_STRIP = NO;
				DEBUG_INFORMATION_FORMAT = dwarf;
				ENABLE_STRICT_OBJC_MSGSEND = YES;
				ENABLE_TESTABILITY = YES;
				GCC_C_LANGUAGE_STANDARD = gnu11;
				GCC_DYNAMIC_NO_PIC = NO;
				GCC_NO_COMMON_BLOCKS = YES;
				GCC_OPTIMIZATION_LEVEL = 0;
				GCC_PREPROCESSOR_DEFINITIONS = (
					"DEBUG=1",
					"$(inherited)",
				);
				GCC_WARN_64_TO_32_BIT_CONVERSION = YES;
				GCC_WARN_ABOUT_RETURN_TYPE = YES_ERROR;
				GCC_WARN_UNDECLARED_SELECTOR = YES;
				GCC_WARN_UNINITIALIZED_AUTOS = YES_AGGRESSIVE;
				GCC_WARN_UNUSED_FUNCTION = YES;
				GCC_WARN_UNUSED_VARIABLE = YES;
				IPHONEOS_DEPLOYMENT_TARGET = 16.1;
				MTL_ENABLE_DEBUG_INFO = INCLUDE_SOURCE;
				MTL_FAST_MATH = YES;
				ONLY_ACTIVE_ARCH = YES;
				SDKROOT = iphoneos;
				SWIFT_ACTIVE_COMPILATION_CONDITIONS = DEBUG;
				SWIFT_OPTIMIZATION_LEVEL = "-Onone";
			};
			name = Debug;
		};
		63A8DCCC2A1C4F9200801BF3 /* Release */ = {
			isa = XCBuildConfiguration;
			buildSettings = {
				ALWAYS_SEARCH_USER_PATHS = NO;
				CLANG_ANALYZER_NONNULL = YES;
				CLANG_ANALYZER_NUMBER_OBJECT_CONVERSION = YES_AGGRESSIVE;
				CLANG_CXX_LANGUAGE_STANDARD = "gnu++20";
				CLANG_ENABLE_MODULES = YES;
				CLANG_ENABLE_OBJC_ARC = YES;
				CLANG_ENABLE_OBJC_WEAK = YES;
				CLANG_WARN_BLOCK_CAPTURE_AUTORELEASING = YES;
				CLANG_WARN_BOOL_CONVERSION = YES;
				CLANG_WARN_COMMA = YES;
				CLANG_WARN_CONSTANT_CONVERSION = YES;
				CLANG_WARN_DEPRECATED_OBJC_IMPLEMENTATIONS = YES;
				CLANG_WARN_DIRECT_OBJC_ISA_USAGE = YES_ERROR;
				CLANG_WARN_DOCUMENTATION_COMMENTS = YES;
				CLANG_WARN_EMPTY_BODY = YES;
				CLANG_WARN_ENUM_CONVERSION = YES;
				CLANG_WARN_INFINITE_RECURSION = YES;
				CLANG_WARN_INT_CONVERSION = YES;
				CLANG_WARN_NON_LITERAL_NULL_CONVERSION = YES;
				CLANG_WARN_OBJC_IMPLICIT_RETAIN_SELF = YES;
				CLANG_WARN_OBJC_LITERAL_CONVERSION = YES;
				CLANG_WARN_OBJC_ROOT_CLASS = YES_ERROR;
				CLANG_WARN_QUOTED_INCLUDE_IN_FRAMEWORK_HEADER = YES;
				CLANG_WARN_RANGE_LOOP_ANALYSIS = YES;
				CLANG_WARN_STRICT_PROTOTYPES = YES;
				CLANG_WARN_SUSPICIOUS_MOVE = YES;
				CLANG_WARN_UNGUARDED_AVAILABILITY = YES_AGGRESSIVE;
				CLANG_WARN_UNREACHABLE_CODE = YES;
				CLANG_WARN__DUPLICATE_METHOD_MATCH = YES;
				COPY_PHASE_STRIP = NO;
				DEBUG_INFORMATION_FORMAT = "dwarf-with-dsym";
				ENABLE_NS_ASSERTIONS = NO;
				ENABLE_STRICT_OBJC_MSGSEND = YES;
				GCC_C_LANGUAGE_STANDARD = gnu11;
				GCC_NO_COMMON_BLOCKS = YES;
				GCC_WARN_64_TO_32_BIT_CONVERSION = YES;
				GCC_WARN_ABOUT_RETURN_TYPE = YES_ERROR;
				GCC_WARN_UNDECLARED_SELECTOR = YES;
				GCC_WARN_UNINITIALIZED_AUTOS = YES_AGGRESSIVE;
				GCC_WARN_UNUSED_FUNCTION = YES;
				GCC_WARN_UNUSED_VARIABLE = YES;
				IPHONEOS_DEPLOYMENT_TARGET = 16.1;
				MTL_ENABLE_DEBUG_INFO = NO;
				MTL_FAST_MATH = YES;
				SDKROOT = iphoneos;
				SWIFT_COMPILATION_MODE = wholemodule;
				SWIFT_OPTIMIZATION_LEVEL = "-O";
				VALIDATE_PRODUCT = YES;
			};
			name = Release;
		};
		63A8DCCE2A1C4F9200801BF3 /* Debug */ = {
			isa = XCBuildConfiguration;
			buildSettings = {
				ASSETCATALOG_COMPILER_APPICON_NAME = AppIcon;
				ASSETCATALOG_COMPILER_GLOBAL_ACCENT_COLOR_NAME = AccentColor;
				CODE_SIGN_STYLE = Automatic;
				CURRENT_PROJECT_VERSION = 1;
				DEVELOPMENT_ASSET_PATHS = "\"LoremPicsum/Preview Content\"";
				DEVELOPMENT_TEAM = PF8A85N9YG;
				ENABLE_PREVIEWS = YES;
				GENERATE_INFOPLIST_FILE = YES;
				INFOPLIST_KEY_UIApplicationSceneManifest_Generation = YES;
				INFOPLIST_KEY_UIApplicationSupportsIndirectInputEvents = YES;
				INFOPLIST_KEY_UILaunchScreen_Generation = YES;
				INFOPLIST_KEY_UISupportedInterfaceOrientations_iPad = "UIInterfaceOrientationPortrait UIInterfaceOrientationPortraitUpsideDown UIInterfaceOrientationLandscapeLeft UIInterfaceOrientationLandscapeRight";
				INFOPLIST_KEY_UISupportedInterfaceOrientations_iPhone = "UIInterfaceOrientationPortrait UIInterfaceOrientationLandscapeLeft UIInterfaceOrientationLandscapeRight";
				IPHONEOS_DEPLOYMENT_TARGET = 17.0;
				LD_RUNPATH_SEARCH_PATHS = (
					"$(inherited)",
					"@executable_path/Frameworks",
				);
				MARKETING_VERSION = 1.0;
				PRODUCT_BUNDLE_IDENTIFIER = com.niftycode.Example;
				PRODUCT_NAME = "$(TARGET_NAME)";
				SWIFT_EMIT_LOC_STRINGS = YES;
				SWIFT_VERSION = 5.0;
				TARGETED_DEVICE_FAMILY = "1,2";
			};
			name = Debug;
		};
		63A8DCCF2A1C4F9200801BF3 /* Release */ = {
			isa = XCBuildConfiguration;
			buildSettings = {
				ASSETCATALOG_COMPILER_APPICON_NAME = AppIcon;
				ASSETCATALOG_COMPILER_GLOBAL_ACCENT_COLOR_NAME = AccentColor;
				CODE_SIGN_STYLE = Automatic;
				CURRENT_PROJECT_VERSION = 1;
				DEVELOPMENT_ASSET_PATHS = "\"LoremPicsum/Preview Content\"";
				DEVELOPMENT_TEAM = PF8A85N9YG;
				ENABLE_PREVIEWS = YES;
				GENERATE_INFOPLIST_FILE = YES;
				INFOPLIST_KEY_UIApplicationSceneManifest_Generation = YES;
				INFOPLIST_KEY_UIApplicationSupportsIndirectInputEvents = YES;
				INFOPLIST_KEY_UILaunchScreen_Generation = YES;
				INFOPLIST_KEY_UISupportedInterfaceOrientations_iPad = "UIInterfaceOrientationPortrait UIInterfaceOrientationPortraitUpsideDown UIInterfaceOrientationLandscapeLeft UIInterfaceOrientationLandscapeRight";
				INFOPLIST_KEY_UISupportedInterfaceOrientations_iPhone = "UIInterfaceOrientationPortrait UIInterfaceOrientationLandscapeLeft UIInterfaceOrientationLandscapeRight";
				IPHONEOS_DEPLOYMENT_TARGET = 17.0;
				LD_RUNPATH_SEARCH_PATHS = (
					"$(inherited)",
					"@executable_path/Frameworks",
				);
				MARKETING_VERSION = 1.0;
				PRODUCT_BUNDLE_IDENTIFIER = com.niftycode.Example;
				PRODUCT_NAME = "$(TARGET_NAME)";
				SWIFT_EMIT_LOC_STRINGS = YES;
				SWIFT_VERSION = 5.0;
				TARGETED_DEVICE_FAMILY = "1,2";
			};
			name = Release;
		};
/* End XCBuildConfiguration section */

/* Begin XCConfigurationList section */
		63A8DCBA2A1C4F9200801BF3 /* Build configuration list for PBXProject "LoremPicsum" */ = {
			isa = XCConfigurationList;
			buildConfigurations = (
				63A8DCCB2A1C4F9200801BF3 /* Debug */,
				63A8DCCC2A1C4F9200801BF3 /* Release */,
			);
			defaultConfigurationIsVisible = 0;
			defaultConfigurationName = Release;
		};
		63A8DCCD2A1C4F9200801BF3 /* Build configuration list for PBXNativeTarget "LoremPicsum" */ = {
			isa = XCConfigurationList;
			buildConfigurations = (
				63A8DCCE2A1C4F9200801BF3 /* Debug */,
				63A8DCCF2A1C4F9200801BF3 /* Release */,
			);
			defaultConfigurationIsVisible = 0;
			defaultConfigurationName = Release;
		};
/* End XCConfigurationList section */

/* Begin XCSwiftPackageProductDependency section */
		631FAE162BFC281000D64A76 /* Swiper */ = {
			isa = XCSwiftPackageProductDependency;
			productName = Swiper;
		};
/* End XCSwiftPackageProductDependency section */
	};
	rootObject = 63A8DCB72A1C4F9200801BF3 /* Project object */;
}
